
Microsoft Visual Studio Solution File, Format Version 12.00
# Visual Studio Version 17
VisualStudioVersion = 17.5.33627.172
MinimumVisualStudioVersion = 10.0.40219.1
Project("{FAE04EC0-301F-11D3-BF4B-00C04F79EFBC}") = "Homework_4", "Homework_4\Homework_4.csproj", "{070EC8EE-4864-4D60-A4AF-DCD2495A586D}"
EndProject
Global
	GlobalSection(SolutionConfigurationPlatforms) = preSolution
		Debug|Any CPU = Debug|Any CPU
		Release|Any CPU = Release|Any CPU
	EndGlobalSection
	GlobalSection(ProjectConfigurationPlatforms) = postSolution
		{070EC8EE-4864-4D60-A4AF-DCD2495A586D}.Debug|Any CPU.ActiveCfg = Debug|Any CPU
		{070EC8EE-4864-4D60-A4AF-DCD2495A586D}.Debug|Any CPU.Build.0 = Debug|Any CPU
		{070EC8EE-4864-4D60-A4AF-DCD2495A586D}.Release|Any CPU.ActiveCfg = Release|Any CPU
		{070EC8EE-4864-4D60-A4AF-DCD2495A586D}.Release|Any CPU.Build.0 = Release|Any CPU
	EndGlobalSection
	GlobalSection(SolutionProperties) = preSolution
		HideSolutionNode = FALSE
	EndGlobalSection
	GlobalSection(ExtensibilityGlobals) = postSolution
		SolutionGuid = {100D216D-C62E-423E-887C-70B196504DB0}
	EndGlobalSection
EndGlobal
